{
  "name": "talos-cluster-autoscaler",
  "lockfileVersion": 3,
  "requires": true,
  "packages": {
    "": {
      "dependencies": {
        "@std/yaml": "npm:@jsr/std__yaml@^1.0.8"
      }
    },
    "node_modules/@std/yaml": {
      "name": "@jsr/std__yaml",
      "version": "1.0.8",
      "resolved": "https://npm.jsr.io/~/11/@jsr/std__yaml/1.0.8.tgz",
      "integrity": "sha512-iLe84pvIEtG7EFKxP5fIQn7CFQle7gzkb6KSPqf9zkyR2NVViSJjK8xbXg82SUEFSmpdY18qCGpVEnTG3oRMVg=="
    }
  }
}
